// !$*UTF8*$!
{
	archiveVersion = 1;
	classes = {
	};
	objectVersion = 46;
	objects = {

/* Begin PBXBuildFile section */
		FF15BBA3159B647E0041AD68 /* UIKit.framework in Frameworks */ = {isa = PBXBuildFile; fileRef = FF15BBA2159B647E0041AD68 /* UIKit.framework */; };
		FF15BBA5159B647E0041AD68 /* Foundation.framework in Frameworks */ = {isa = PBXBuildFile; fileRef = FF15BBA4159B647E0041AD68 /* Foundation.framework */; };
		FF15BBA7159B647E0041AD68 /* CoreGraphics.framework in Frameworks */ = {isa = PBXBuildFile; fileRef = FF15BBA6159B647E0041AD68 /* CoreGraphics.framework */; };
		FF15BBAD159B647E0041AD68 /* InfoPlist.strings in Resources */ = {isa = PBXBuildFile; fileRef = FF15BBAB159B647E0041AD68 /* InfoPlist.strings */; };
		FF15BBAF159B647E0041AD68 /* main.m in Sources */ = {isa = PBXBuildFile; fileRef = FF15BBAE159B647E0041AD68 /* main.m */; };
		FF15BBB3159B647E0041AD68 /* CalculatorAppDelegate.m in Sources */ = {isa = PBXBuildFile; fileRef = FF15BBB2159B647E0041AD68 /* CalculatorAppDelegate.m */; };
		FF15BBB6159B647E0041AD68 /* MainStoryboard.storyboard in Resources */ = {isa = PBXBuildFile; fileRef = FF15BBB4159B647E0041AD68 /* MainStoryboard.storyboard */; };
		FF15BBB9159B647E0041AD68 /* CalculatorViewController.m in Sources */ = {isa = PBXBuildFile; fileRef = FF15BBB8159B647E0041AD68 /* CalculatorViewController.m */; };
		FF15BBC1159B647F0041AD68 /* SenTestingKit.framework in Frameworks */ = {isa = PBXBuildFile; fileRef = FF15BBC0159B647E0041AD68 /* SenTestingKit.framework */; };
		FF15BBC2159B647F0041AD68 /* UIKit.framework in Frameworks */ = {isa = PBXBuildFile; fileRef = FF15BBA2159B647E0041AD68 /* UIKit.framework */; };
		FF15BBC3159B647F0041AD68 /* Foundation.framework in Frameworks */ = {isa = PBXBuildFile; fileRef = FF15BBA4159B647E0041AD68 /* Foundation.framework */; };
		FF15BBCB159B647F0041AD68 /* InfoPlist.strings in Resources */ = {isa = PBXBuildFile; fileRef = FF15BBC9159B647F0041AD68 /* InfoPlist.strings */; };
		FF15BBCE159B647F0041AD68 /* CalculatorTests.m in Sources */ = {isa = PBXBuildFile; fileRef = FF15BBCD159B647F0041AD68 /* CalculatorTests.m */; };
		FF15BBD9159B6E610041AD68 /* CalculatorBrain.m in Sources */ = {isa = PBXBuildFile; fileRef = FF15BBD8159B6E610041AD68 /* CalculatorBrain.m */; };
/* End PBXBuildFile section */

/* Begin PBXContainerItemProxy section */
		FF15BBC4159B647F0041AD68 /* PBXContainerItemProxy */ = {
			isa = PBXContainerItemProxy;
			containerPortal = FF15BB95159B647E0041AD68 /* Project object */;
			proxyType = 1;
			remoteGlobalIDString = FF15BB9D159B647E0041AD68;
			remoteInfo = Calculator;
		};
/* End PBXContainerItemProxy section */

/* Begin PBXFileReference section */
		FF15BB9E159B647E0041AD68 /* Calculator.app */ = {isa = PBXFileReference; explicitFileType = wrapper.application; includeInIndex = 0; path = Calculator.app; sourceTree = BUILT_PRODUCTS_DIR; };
		FF15BBA2159B647E0041AD68 /* UIKit.framework */ = {isa = PBXFileReference; lastKnownFileType = wrapper.framework; name = UIKit.framework; path = System/Library/Frameworks/UIKit.framework; sourceTree = SDKROOT; };
		FF15BBA4159B647E0041AD68 /* Foundation.framework */ = {isa = PBXFileReference; lastKnownFileType = wrapper.framework; name = Foundation.framework; path = System/Library/Frameworks/Foundation.framework; sourceTree = SDKROOT; };
		FF15BBA6159B647E0041AD68 /* CoreGraphics.framework */ = {isa = PBXFileReference; lastKnownFileType = wrapper.framework; name = CoreGraphics.framework; path = System/Library/Frameworks/CoreGraphics.framework; sourceTree = SDKROOT; };
		FF15BBAA159B647E0041AD68 /* Calculator-Info.plist */ = {isa = PBXFileReference; lastKnownFileType = text.plist.xml; path = "Calculator-Info.plist"; sourceTree = "<group>"; };
		FF15BBAC159B647E0041AD68 /* en */ = {isa = PBXFileReference; lastKnownFileType = text.plist.strings; name = en; path = en.lproj/InfoPlist.strings; sourceTree = "<group>"; };
		FF15BBAE159B647E0041AD68 /* main.m */ = {isa = PBXFileReference; lastKnownFileType = sourcecode.c.objc; path = main.m; sourceTree = "<group>"; };
		FF15BBB0159B647E0041AD68 /* Calculator-Prefix.pch */ = {isa = PBXFileReference; lastKnownFileType = sourcecode.c.h; path = "Calculator-Prefix.pch"; sourceTree = "<group>"; };
		FF15BBB1159B647E0041AD68 /* CalculatorAppDelegate.h */ = {isa = PBXFileReference; lastKnownFileType = sourcecode.c.h; path = CalculatorAppDelegate.h; sourceTree = "<group>"; };
		FF15BBB2159B647E0041AD68 /* CalculatorAppDelegate.m */ = {isa = PBXFileReference; lastKnownFileType = sourcecode.c.objc; path = CalculatorAppDelegate.m; sourceTree = "<group>"; };
		FF15BBB5159B647E0041AD68 /* en */ = {isa = PBXFileReference; lastKnownFileType = file.storyboard; name = en; path = en.lproj/MainStoryboard.storyboard; sourceTree = "<group>"; };
		FF15BBB7159B647E0041AD68 /* CalculatorViewController.h */ = {isa = PBXFileReference; lastKnownFileType = sourcecode.c.h; path = CalculatorViewController.h; sourceTree = "<group>"; };
		FF15BBB8159B647E0041AD68 /* CalculatorViewController.m */ = {isa = PBXFileReference; lastKnownFileType = sourcecode.c.objc; path = CalculatorViewController.m; sourceTree = "<group>"; };
		FF15BBBF159B647E0041AD68 /* CalculatorTests.octest */ = {isa = PBXFileReference; explicitFileType = wrapper.cfbundle; includeInIndex = 0; path = CalculatorTests.octest; sourceTree = BUILT_PRODUCTS_DIR; };
		FF15BBC0159B647E0041AD68 /* SenTestingKit.framework */ = {isa = PBXFileReference; lastKnownFileType = wrapper.framework; name = SenTestingKit.framework; path = Library/Frameworks/SenTestingKit.framework; sourceTree = DEVELOPER_DIR; };
		FF15BBC8159B647F0041AD68 /* CalculatorTests-Info.plist */ = {isa = PBXFileReference; lastKnownFileType = text.plist.xml; path = "CalculatorTests-Info.plist"; sourceTree = "<group>"; };
		FF15BBCA159B647F0041AD68 /* en */ = {isa = PBXFileReference; lastKnownFileType = text.plist.strings; name = en; path = en.lproj/InfoPlist.strings; sourceTree = "<group>"; };
		FF15BBCC159B647F0041AD68 /* CalculatorTests.h */ = {isa = PBXFileReference; lastKnownFileType = sourcecode.c.h; path = CalculatorTests.h; sourceTree = "<group>"; };
		FF15BBCD159B647F0041AD68 /* CalculatorTests.m */ = {isa = PBXFileReference; lastKnownFileType = sourcecode.c.objc; path = CalculatorTests.m; sourceTree = "<group>"; };
		FF15BBD7159B6E610041AD68 /* CalculatorBrain.h */ = {isa = PBXFileReference; fileEncoding = 4; lastKnownFileType = sourcecode.c.h; path = CalculatorBrain.h; sourceTree = "<group>"; };
		FF15BBD8159B6E610041AD68 /* CalculatorBrain.m */ = {isa = PBXFileReference; fileEncoding = 4; lastKnownFileType = sourcecode.c.objc; path = CalculatorBrain.m; sourceTree = "<group>"; };
/* End PBXFileReference section */

/* Begin PBXFrameworksBuildPhase section */
		FF15BB9B159B647E0041AD68 /* Frameworks */ = {
			isa = PBXFrameworksBuildPhase;
			buildActionMask = 2147483647;
			files = (
				FF15BBA3159B647E0041AD68 /* UIKit.framework in Frameworks */,
				FF15BBA5159B647E0041AD68 /* Foundation.framework in Frameworks */,
				FF15BBA7159B647E0041AD68 /* CoreGraphics.framework in Frameworks */,
			);
			runOnlyForDeploymentPostprocessing = 0;
		};
		FF15BBBB159B647E0041AD68 /* Frameworks */ = {
			isa = PBXFrameworksBuildPhase;
			buildActionMask = 2147483647;
			files = (
				FF15BBC1159B647F0041AD68 /* SenTestingKit.framework in Frameworks */,
				FF15BBC2159B647F0041AD68 /* UIKit.framework in Frameworks */,
				FF15BBC3159B647F0041AD68 /* Foundation.framework in Frameworks */,
			);
			runOnlyForDeploymentPostprocessing = 0;
		};
/* End PBXFrameworksBuildPhase section */

/* Begin PBXGroup section */
		FF15BB93159B647E0041AD68 = {
			isa = PBXGroup;
			children = (
				FF15BBA8159B647E0041AD68 /* Calculator */,
				FF15BBC6159B647F0041AD68 /* CalculatorTests */,
				FF15BBA1159B647E0041AD68 /* Frameworks */,
				FF15BB9F159B647E0041AD68 /* Products */,
			);
			sourceTree = "<group>";
		};
		FF15BB9F159B647E0041AD68 /* Products */ = {
			isa = PBXGroup;
			children = (
				FF15BB9E159B647E0041AD68 /* Calculator.app */,
				FF15BBBF159B647E0041AD68 /* CalculatorTests.octest */,
			);
			name = Products;
			sourceTree = "<group>";
		};
		FF15BBA1159B647E0041AD68 /* Frameworks */ = {
			isa = PBXGroup;
			children = (
				FF15BBA2159B647E0041AD68 /* UIKit.framework */,
				FF15BBA4159B647E0041AD68 /* Foundation.framework */,
				FF15BBA6159B647E0041AD68 /* CoreGraphics.framework */,
				FF15BBC0159B647E0041AD68 /* SenTestingKit.framework */,
			);
			name = Frameworks;
			sourceTree = "<group>";
		};
		FF15BBA8159B647E0041AD68 /* Calculator */ = {
			isa = PBXGroup;
			children = (
				FF15BBB1159B647E0041AD68 /* CalculatorAppDelegate.h */,
				FF15BBB2159B647E0041AD68 /* CalculatorAppDelegate.m */,
				FF15BBB4159B647E0041AD68 /* MainStoryboard.storyboard */,
				FF15BBD7159B6E610041AD68 /* CalculatorBrain.h */,
				FF15BBD8159B6E610041AD68 /* CalculatorBrain.m */,
				FF15BBB7159B647E0041AD68 /* CalculatorViewController.h */,
				FF15BBB8159B647E0041AD68 /* CalculatorViewController.m */,
				FF15BBA9159B647E0041AD68 /* Supporting Files */,
			);
			path = Calculator;
			sourceTree = "<group>";
		};
		FF15BBA9159B647E0041AD68 /* Supporting Files */ = {
			isa = PBXGroup;
			children = (
				FF15BBAA159B647E0041AD68 /* Calculator-Info.plist */,
				FF15BBAB159B647E0041AD68 /* InfoPlist.strings */,
				FF15BBAE159B647E0041AD68 /* main.m */,
				FF15BBB0159B647E0041AD68 /* Calculator-Prefix.pch */,
			);
			name = "Supporting Files";
			sourceTree = "<group>";
		};
		FF15BBC6159B647F0041AD68 /* CalculatorTests */ = {
			isa = PBXGroup;
			children = (
				FF15BBCC159B647F0041AD68 /* CalculatorTests.h */,
				FF15BBCD159B647F0041AD68 /* CalculatorTests.m */,
				FF15BBC7159B647F0041AD68 /* Supporting Files */,
			);
			path = CalculatorTests;
			sourceTree = "<group>";
		};
		FF15BBC7159B647F0041AD68 /* Supporting Files */ = {
			isa = PBXGroup;
			children = (
				FF15BBC8159B647F0041AD68 /* CalculatorTests-Info.plist */,
				FF15BBC9159B647F0041AD68 /* InfoPlist.strings */,
			);
			name = "Supporting Files";
			sourceTree = "<group>";
		};
/* End PBXGroup section */

/* Begin PBXNativeTarget section */
		FF15BB9D159B647E0041AD68 /* Calculator */ = {
			isa = PBXNativeTarget;
			buildConfigurationList = FF15BBD1159B647F0041AD68 /* Build configuration list for PBXNativeTarget "Calculator" */;
			buildPhases = (
				FF15BB9A159B647E0041AD68 /* Sources */,
				FF15BB9B159B647E0041AD68 /* Frameworks */,
				FF15BB9C159B647E0041AD68 /* Resources */,
			);
			buildRules = (
			);
			dependencies = (
			);
			name = Calculator;
			productName = Calculator;
			productReference = FF15BB9E159B647E0041AD68 /* Calculator.app */;
			productType = "com.apple.product-type.application";
		};
		FF15BBBE159B647E0041AD68 /* CalculatorTests */ = {
			isa = PBXNativeTarget;
			buildConfigurationList = FF15BBD4159B647F0041AD68 /* Build configuration list for PBXNativeTarget "CalculatorTests" */;
			buildPhases = (
				FF15BBBA159B647E0041AD68 /* Sources */,
				FF15BBBB159B647E0041AD68 /* Frameworks */,
				FF15BBBC159B647E0041AD68 /* Resources */,
				FF15BBBD159B647E0041AD68 /* ShellScript */,
			);
			buildRules = (
			);
			dependencies = (
				FF15BBC5159B647F0041AD68 /* PBXTargetDependency */,
			);
			name = CalculatorTests;
			productName = CalculatorTests;
			productReference = FF15BBBF159B647E0041AD68 /* CalculatorTests.octest */;
			productType = "com.apple.product-type.bundle";
		};
/* End PBXNativeTarget section */

/* Begin PBXProject section */
		FF15BB95159B647E0041AD68 /* Project object */ = {
			isa = PBXProject;
			attributes = {
				CLASSPREFIX = Calculator;
				LastUpgradeCheck = 0430;
				ORGANIZATIONNAME = "my Software Goes";
			};
			buildConfigurationList = FF15BB98159B647E0041AD68 /* Build configuration list for PBXProject "Calculator" */;
			compatibilityVersion = "Xcode 3.2";
			developmentRegion = English;
			hasScannedForEncodings = 0;
			knownRegions = (
				en,
			);
			mainGroup = FF15BB93159B647E0041AD68;
			productRefGroup = FF15BB9F159B647E0041AD68 /* Products */;
			projectDirPath = "";
			projectRoot = "";
			targets = (
				FF15BB9D159B647E0041AD68 /* Calculator */,
				FF15BBBE159B647E0041AD68 /* CalculatorTests */,
			);
		};
/* End PBXProject section */

/* Begin PBXResourcesBuildPhase section */
		FF15BB9C159B647E0041AD68 /* Resources */ = {
			isa = PBXResourcesBuildPhase;
			buildActionMask = 2147483647;
			files = (
				FF15BBAD159B647E0041AD68 /* InfoPlist.strings in Resources */,
				FF15BBB6159B647E0041AD68 /* MainStoryboard.storyboard in Resources */,
			);
			runOnlyForDeploymentPostprocessing = 0;
		};
		FF15BBBC159B647E0041AD68 /* Resources */ = {
			isa = PBXResourcesBuildPhase;
			buildActionMask = 2147483647;
			files = (
				FF15BBCB159B647F0041AD68 /* InfoPlist.strings in Resources */,
			);
			runOnlyForDeploymentPostprocessing = 0;
		};
/* End PBXResourcesBuildPhase section */

/* Begin PBXShellScriptBuildPhase section */
		FF15BBBD159B647E0041AD68 /* ShellScript */ = {
			isa = PBXShellScriptBuildPhase;
			buildActionMask = 2147483647;
			files = (
			);
			inputPaths = (
			);
			outputPaths = (
			);
			runOnlyForDeploymentPostprocessing = 0;
			shellPath = /bin/sh;
			shellScript = "# Run the unit tests in this test bundle.\n\"${SYSTEM_DEVELOPER_DIR}/Tools/RunUnitTests\"\n";
		};
/* End PBXShellScriptBuildPhase section */

/* Begin PBXSourcesBuildPhase section */
		FF15BB9A159B647E0041AD68 /* Sources */ = {
			isa = PBXSourcesBuildPhase;
			buildActionMask = 2147483647;
			files = (
				FF15BBAF159B647E0041AD68 /* main.m in Sources */,
				FF15BBB3159B647E0041AD68 /* CalculatorAppDelegate.m in Sources */,
				FF15BBB9159B647E0041AD68 /* CalculatorViewController.m in Sources */,
				FF15BBD9159B6E610041AD68 /* CalculatorBrain.m in Sources */,
			);
			runOnlyForDeploymentPostprocessing = 0;
		};
		FF15BBBA159B647E0041AD68 /* Sources */ = {
			isa = PBXSourcesBuildPhase;
			buildActionMask = 2147483647;
			files = (
				FF15BBCE159B647F0041AD68 /* CalculatorTests.m in Sources */,
			);
			runOnlyForDeploymentPostprocessing = 0;
		};
/* End PBXSourcesBuildPhase section */

/* Begin PBXTargetDependency section */
		FF15BBC5159B647F0041AD68 /* PBXTargetDependency */ = {
			isa = PBXTargetDependency;
			target = FF15BB9D159B647E0041AD68 /* Calculator */;
			targetProxy = FF15BBC4159B647F0041AD68 /* PBXContainerItemProxy */;
		};
/* End PBXTargetDependency section */

/* Begin PBXVariantGroup section */
		FF15BBAB159B647E0041AD68 /* InfoPlist.strings */ = {
			isa = PBXVariantGroup;
			children = (
				FF15BBAC159B647E0041AD68 /* en */,
			);
			name = InfoPlist.strings;
			sourceTree = "<group>";
		};
		FF15BBB4159B647E0041AD68 /* MainStoryboard.storyboard */ = {
			isa = PBXVariantGroup;
			children = (
				FF15BBB5159B647E0041AD68 /* en */,
			);
			name = MainStoryboard.storyboard;
			sourceTree = "<group>";
		};
		FF15BBC9159B647F0041AD68 /* InfoPlist.strings */ = {
			isa = PBXVariantGroup;
			children = (
				FF15BBCA159B647F0041AD68 /* en */,
			);
			name = InfoPlist.strings;
			sourceTree = "<group>";
		};
/* End PBXVariantGroup section */

/* Begin XCBuildConfiguration section */
		FF15BBCF159B647F0041AD68 /* Debug */ = {
			isa = XCBuildConfiguration;
			buildSettings = {
				ALWAYS_SEARCH_USER_PATHS = NO;
				ARCHS = "$(ARCHS_STANDARD_32_BIT)";
				CLANG_ENABLE_OBJC_ARC = YES;
				"CODE_SIGN_IDENTITY[sdk=iphoneos*]" = "iPhone Developer";
				COPY_PHASE_STRIP = NO;
				GCC_C_LANGUAGE_STANDARD = gnu99;
				GCC_DYNAMIC_NO_PIC = NO;
				GCC_OPTIMIZATION_LEVEL = 0;
				GCC_PREPROCESSOR_DEFINITIONS = (
					"DEBUG=1",
					"$(inherited)",
				);
				GCC_SYMBOLS_PRIVATE_EXTERN = NO;
				GCC_VERSION = com.apple.compilers.llvm.clang.1_0;
				GCC_WARN_ABOUT_RETURN_TYPE = YES;
				GCC_WARN_UNINITIALIZED_AUTOS = YES;
				GCC_WARN_UNUSED_VARIABLE = YES;
				IPHONEOS_DEPLOYMENT_TARGET = 5.1;
				SDKROOT = iphoneos;
			};
			name = Debug;
		};
		FF15BBD0159B647F0041AD68 /* Release */ = {
			isa = XCBuildConfiguration;
			buildSettings = {
				ALWAYS_SEARCH_USER_PATHS = NO;
				ARCHS = "$(ARCHS_STANDARD_32_BIT)";
				CLANG_ENABLE_OBJC_ARC = YES;
				"CODE_SIGN_IDENTITY[sdk=iphoneos*]" = "iPhone Developer";
				COPY_PHASE_STRIP = YES;
				GCC_C_LANGUAGE_STANDARD = gnu99;
				GCC_VERSION = com.apple.compilers.llvm.clang.1_0;
				GCC_WARN_ABOUT_RETURN_TYPE = YES;
				GCC_WARN_UNINITIALIZED_AUTOS = YES;
				GCC_WARN_UNUSED_VARIABLE = YES;
				IPHONEOS_DEPLOYMENT_TARGET = 5.1;
				OTHER_CFLAGS = "-DNS_BLOCK_ASSERTIONS=1";
				SDKROOT = iphoneos;
				VALIDATE_PRODUCT = YES;
			};
			name = Release;
		};
		FF15BBD2159B647F0041AD68 /* Debug */ = {
			isa = XCBuildConfiguration;
			buildSettings = {
				GCC_PRECOMPILE_PREFIX_HEADER = YES;
				GCC_PREFIX_HEADER = "Calculator/Calculator-Prefix.pch";
				INFOPLIST_FILE = "Calculator/Calculator-Info.plist";
				PRODUCT_NAME = "$(TARGET_NAME)";
				WRAPPER_EXTENSION = app;
			};
			name = Debug;
		};
		FF15BBD3159B647F0041AD68 /* Release */ = {
			isa = XCBuildConfiguration;
			buildSettings = {
				GCC_PRECOMPILE_PREFIX_HEADER = YES;
				GCC_PREFIX_HEADER = "Calculator/Calculator-Prefix.pch";
				INFOPLIST_FILE = "Calculator/Calculator-Info.plist";
				PRODUCT_NAME = "$(TARGET_NAME)";
				WRAPPER_EXTENSION = app;
			};
			name = Release;
		};
		FF15BBD5159B647F0041AD68 /* Debug */ = {
			isa = XCBuildConfiguration;
			buildSettings = {
				BUNDLE_LOADER = "$(BUILT_PRODUCTS_DIR)/Calculator.app/Calculator";
				FRAMEWORK_SEARCH_PATHS = (
					"$(SDKROOT)/Developer/Library/Frameworks",
					"$(DEVELOPER_LIBRARY_DIR)/Frameworks",
				);
				GCC_PRECOMPILE_PREFIX_HEADER = YES;
				GCC_PREFIX_HEADER = "Calculator/Calculator-Prefix.pch";
				INFOPLIST_FILE = "CalculatorTests/CalculatorTests-Info.plist";
				PRODUCT_NAME = "$(TARGET_NAME)";
				TEST_HOST = "$(BUNDLE_LOADER)";
				WRAPPER_EXTENSION = octest;
			};
			name = Debug;
		};
		FF15BBD6159B647F0041AD68 /* Release */ = {
			isa = XCBuildConfiguration;
			buildSettings = {
				BUNDLE_LOADER = "$(BUILT_PRODUCTS_DIR)/Calculator.app/Calculator";
				FRAMEWORK_SEARCH_PATHS = (
					"$(SDKROOT)/Developer/Library/Frameworks",
					"$(DEVELOPER_LIBRARY_DIR)/Frameworks",
				);
				GCC_PRECOMPILE_PREFIX_HEADER = YES;
				GCC_PREFIX_HEADER = "Calculator/Calculator-Prefix.pch";
				INFOPLIST_FILE = "CalculatorTests/CalculatorTests-Info.plist";
				PRODUCT_NAME = "$(TARGET_NAME)";
				TEST_HOST = "$(BUNDLE_LOADER)";
				WRAPPER_EXTENSION = octest;
			};
			name = Release;
		};
/* End XCBuildConfiguration section */

/* Begin XCConfigurationList section */
		FF15BB98159B647E0041AD68 /* Build configuration list for PBXProject "Calculator" */ = {
			isa = XCConfigurationList;
			buildConfigurations = (
				FF15BBCF159B647F0041AD68 /* Debug */,
				FF15BBD0159B647F0041AD68 /* Release */,
			);
			defaultConfigurationIsVisible = 0;
			defaultConfigurationName = Release;
		};
		FF15BBD1159B647F0041AD68 /* Build configuration list for PBXNativeTarget "Calculator" */ = {
			isa = XCConfigurationList;
			buildConfigurations = (
				FF15BBD2159B647F0041AD68 /* Debug */,
				FF15BBD3159B647F0041AD68 /* Release */,
			);
			defaultConfigurationIsVisible = 0;
		};
		FF15BBD4159B647F0041AD68 /* Build configuration list for PBXNativeTarget "CalculatorTests" */ = {
			isa = XCConfigurationList;
			buildConfigurations = (
				FF15BBD5159B647F0041AD68 /* Debug */,
				FF15BBD6159B647F0041AD68 /* Release */,
			);
			defaultConfigurationIsVisible = 0;
		};
/* End XCConfigurationList section */
	};
	rootObject = FF15BB95159B647E0041AD68 /* Project object */;
}
